
Microsoft Visual Studio Solution File, Format Version 12.00
# Visual Studio Express 2012 for Web
Project("{2150E333-8FDC-42A3-9474-1A3956D46DE8}") = ".nuget", ".nuget", "{95CD5EB0-6904-4D8F-BD96-54AD573901DF}"
	ProjectSection(SolutionItems) = preProject
		.nuget\NuGet.Config = .nuget\NuGet.Config
		.nuget\NuGet.exe = .nuget\NuGet.exe
		.nuget\NuGet.targets = .nuget\NuGet.targets
	EndProjectSection
EndProject
Project("{FAE04EC0-301F-11D3-BF4B-00C04F79EFBC}") = "Web", "Web\Web.csproj", "{83B707FC-6813-44C9-BBAF-EE64EFC015FA}"
EndProject
Global
	GlobalSection(SolutionConfigurationPlatforms) = preSolution
		Debug|Any CPU = Debug|Any CPU
		Release|Any CPU = Release|Any CPU
	EndGlobalSection
	GlobalSection(ProjectConfigurationPlatforms) = postSolution
		{83B707FC-6813-44C9-BBAF-EE64EFC015FA}.Debug|Any CPU.ActiveCfg = Debug|Any CPU
		{83B707FC-6813-44C9-BBAF-EE64EFC015FA}.Debug|Any CPU.Build.0 = Debug|Any CPU
		{83B707FC-6813-44C9-BBAF-EE64EFC015FA}.Release|Any CPU.ActiveCfg = Release|Any CPU
		{83B707FC-6813-44C9-BBAF-EE64EFC015FA}.Release|Any CPU.Build.0 = Release|Any CPU
	EndGlobalSection
	GlobalSection(SolutionProperties) = preSolution
		HideSolutionNode = FALSE
	EndGlobalSection
EndGlobal
